
Microsoft Visual Studio Solution File, Format Version 12.00
# Visual Studio Version 17
VisualStudioVersion = 17.10.34916.146
MinimumVisualStudioVersion = 10.0.40219.1
Project("{FAE04EC0-301F-11D3-BF4B-00C04F79EFBC}") = "TeduBlog.Api", "src\TeduBlog.Api\TeduBlog.Api.csproj", "{82CD61E9-3BC0-4DA3-8614-477A05F3F9C6}"
EndProject
Project("{FAE04EC0-301F-11D3-BF4B-00C04F79EFBC}") = "TeduBlog.Core", "src\TeduBlog.Core\TeduBlog.Core.csproj", "{AF3F6EDB-8FB7-4BA8-9D21-EEE044869F10}"
EndProject
Project("{FAE04EC0-301F-11D3-BF4B-00C04F79EFBC}") = "TeduBlog.Data", "src\TeduBlog.Data\TeduBlog.Data.csproj", "{A4BFA04F-F2BC-469A-8A41-06B114096ED8}"
EndProject
Global
	GlobalSection(SolutionConfigurationPlatforms) = preSolution
		Debug|Any CPU = Debug|Any CPU
		Release|Any CPU = Release|Any CPU
	EndGlobalSection
	GlobalSection(ProjectConfigurationPlatforms) = postSolution
		{82CD61E9-3BC0-4DA3-8614-477A05F3F9C6}.Debug|Any CPU.ActiveCfg = Debug|Any CPU
		{82CD61E9-3BC0-4DA3-8614-477A05F3F9C6}.Debug|Any CPU.Build.0 = Debug|Any CPU
		{82CD61E9-3BC0-4DA3-8614-477A05F3F9C6}.Release|Any CPU.ActiveCfg = Release|Any CPU
		{82CD61E9-3BC0-4DA3-8614-477A05F3F9C6}.Release|Any CPU.Build.0 = Release|Any CPU
		{AF3F6EDB-8FB7-4BA8-9D21-EEE044869F10}.Debug|Any CPU.ActiveCfg = Debug|Any CPU
		{AF3F6EDB-8FB7-4BA8-9D21-EEE044869F10}.Debug|Any CPU.Build.0 = Debug|Any CPU
		{AF3F6EDB-8FB7-4BA8-9D21-EEE044869F10}.Release|Any CPU.ActiveCfg = Release|Any CPU
		{AF3F6EDB-8FB7-4BA8-9D21-EEE044869F10}.Release|Any CPU.Build.0 = Release|Any CPU
		{A4BFA04F-F2BC-469A-8A41-06B114096ED8}.Debug|Any CPU.ActiveCfg = Debug|Any CPU
		{A4BFA04F-F2BC-469A-8A41-06B114096ED8}.Debug|Any CPU.Build.0 = Debug|Any CPU
		{A4BFA04F-F2BC-469A-8A41-06B114096ED8}.Release|Any CPU.ActiveCfg = Release|Any CPU
		{A4BFA04F-F2BC-469A-8A41-06B114096ED8}.Release|Any CPU.Build.0 = Release|Any CPU
	EndGlobalSection
	GlobalSection(SolutionProperties) = preSolution
		HideSolutionNode = FALSE
	EndGlobalSection
	GlobalSection(ExtensibilityGlobals) = postSolution
		SolutionGuid = {327B1305-0F44-4534-8AF2-E85A47D27DA7}
	EndGlobalSection
EndGlobal
